lockfileVersion: '6.0'

settings:
  autoInstallPeers: true
  excludeLinksFromLockfile: false

importers:

  .: {}

  packages/agents:
    dependencies:
      '@knolo/core':
        specifier: ^5.0.0
        version: 5.0.0
    devDependencies:
      typescript:
        specifier: ^5.6.3
        version: 5.9.3

packages:

  /@knolo/core@5.0.0:
    resolution: {integrity: sha512-MyPtmbBgteiVMDem0zMaaijsckEdSXK79IxGrAQWF0DW4X+WC7MLvAsCPdisb40o0K7T6WEONHgNbuh9vZPQsw==}
    dev: false

  /typescript@5.9.3:
    resolution: {integrity: sha512-jl1vZzPDinLr9eUt3J/t7V6FgNEw9QjvBPdysz9KfQDD41fQrC2Y4vKQdiaUpFT4bXlb1RHhLpp8wtm6M5TgSw==}
    engines: {node: '>=14.17'}
    hasBin: true
    dev: true
